
Microsoft Visual Studio Solution File, Format Version 12.00
# Visual Studio Version 17
VisualStudioVersion = 17.5.2.0
MinimumVisualStudioVersion = 10.0.40219.1
Project("{2150E333-8FDC-42A3-9474-1A3956D46DE8}") = "src", "src", "{827E0CD3-B72D-47B6-A68D-7590B98EB39B}"
EndProject
Project("{2150E333-8FDC-42A3-9474-1A3956D46DE8}") = "backend", "backend", "{FE360695-3F2B-1049-3887-35FBB5135923}"
EndProject
Project("{FAE04EC0-301F-11D3-BF4B-00C04F79EFBC}") = "FantasyHOF", "src\backend\FantasyHOF\FantasyHOF.csproj", "{C40A5568-10EF-EFD8-9070-282FDF2CCCC9}"
EndProject
Project("{FAE04EC0-301F-11D3-BF4B-00C04F79EFBC}") = "FantasyHOF.GraphQL", "src\backend\FantasyHOF.GraphQL\FantasyHOF.GraphQL.csproj", "{9EC575EA-80DC-4B8C-8F0C-683DCC6CA2DD}"
EndProject
Global
	GlobalSection(SolutionConfigurationPlatforms) = preSolution
		Debug|Any CPU = Debug|Any CPU
		Debug|x64 = Debug|x64
		Debug|x86 = Debug|x86
		Release|Any CPU = Release|Any CPU
		Release|x64 = Release|x64
		Release|x86 = Release|x86
	EndGlobalSection
	GlobalSection(ProjectConfigurationPlatforms) = postSolution
		{C40A5568-10EF-EFD8-9070-282FDF2CCCC9}.Debug|Any CPU.ActiveCfg = Debug|Any CPU
		{C40A5568-10EF-EFD8-9070-282FDF2CCCC9}.Debug|Any CPU.Build.0 = Debug|Any CPU
		{C40A5568-10EF-EFD8-9070-282FDF2CCCC9}.Debug|x64.ActiveCfg = Debug|Any CPU
		{C40A5568-10EF-EFD8-9070-282FDF2CCCC9}.Debug|x64.Build.0 = Debug|Any CPU
		{C40A5568-10EF-EFD8-9070-282FDF2CCCC9}.Debug|x86.ActiveCfg = Debug|Any CPU
		{C40A5568-10EF-EFD8-9070-282FDF2CCCC9}.Debug|x86.Build.0 = Debug|Any CPU
		{C40A5568-10EF-EFD8-9070-282FDF2CCCC9}.Release|Any CPU.ActiveCfg = Release|Any CPU
		{C40A5568-10EF-EFD8-9070-282FDF2CCCC9}.Release|Any CPU.Build.0 = Release|Any CPU
		{C40A5568-10EF-EFD8-9070-282FDF2CCCC9}.Release|x64.ActiveCfg = Release|Any CPU
		{C40A5568-10EF-EFD8-9070-282FDF2CCCC9}.Release|x64.Build.0 = Release|Any CPU
		{C40A5568-10EF-EFD8-9070-282FDF2CCCC9}.Release|x86.ActiveCfg = Release|Any CPU
		{C40A5568-10EF-EFD8-9070-282FDF2CCCC9}.Release|x86.Build.0 = Release|Any CPU
		{9EC575EA-80DC-4B8C-8F0C-683DCC6CA2DD}.Debug|Any CPU.ActiveCfg = Debug|Any CPU
		{9EC575EA-80DC-4B8C-8F0C-683DCC6CA2DD}.Debug|Any CPU.Build.0 = Debug|Any CPU
		{9EC575EA-80DC-4B8C-8F0C-683DCC6CA2DD}.Debug|x64.ActiveCfg = Debug|Any CPU
		{9EC575EA-80DC-4B8C-8F0C-683DCC6CA2DD}.Debug|x64.Build.0 = Debug|Any CPU
		{9EC575EA-80DC-4B8C-8F0C-683DCC6CA2DD}.Debug|x86.ActiveCfg = Debug|Any CPU
		{9EC575EA-80DC-4B8C-8F0C-683DCC6CA2DD}.Debug|x86.Build.0 = Debug|Any CPU
		{9EC575EA-80DC-4B8C-8F0C-683DCC6CA2DD}.Release|Any CPU.ActiveCfg = Release|Any CPU
		{9EC575EA-80DC-4B8C-8F0C-683DCC6CA2DD}.Release|Any CPU.Build.0 = Release|Any CPU
		{9EC575EA-80DC-4B8C-8F0C-683DCC6CA2DD}.Release|x64.ActiveCfg = Release|Any CPU
		{9EC575EA-80DC-4B8C-8F0C-683DCC6CA2DD}.Release|x64.Build.0 = Release|Any CPU
		{9EC575EA-80DC-4B8C-8F0C-683DCC6CA2DD}.Release|x86.ActiveCfg = Release|Any CPU
		{9EC575EA-80DC-4B8C-8F0C-683DCC6CA2DD}.Release|x86.Build.0 = Release|Any CPU
	EndGlobalSection
	GlobalSection(SolutionProperties) = preSolution
		HideSolutionNode = FALSE
	EndGlobalSection
	GlobalSection(NestedProjects) = preSolution
		{FE360695-3F2B-1049-3887-35FBB5135923} = {827E0CD3-B72D-47B6-A68D-7590B98EB39B}
		{C40A5568-10EF-EFD8-9070-282FDF2CCCC9} = {FE360695-3F2B-1049-3887-35FBB5135923}
		{9EC575EA-80DC-4B8C-8F0C-683DCC6CA2DD} = {FE360695-3F2B-1049-3887-35FBB5135923}
	EndGlobalSection
	GlobalSection(ExtensibilityGlobals) = postSolution
		SolutionGuid = {7A4E31B9-F782-467A-ABD1-07481F576FC9}
	EndGlobalSection
EndGlobal
